
Microsoft Visual Studio Solution File, Format Version 12.00
# Visual Studio Version 17
VisualStudioVersion = 17.8.34330.188
MinimumVisualStudioVersion = 10.0.40219.1
Project("{FAE04EC0-301F-11D3-BF4B-00C04F79EFBC}") = "RecipesApi", "RecipesApi\RecipesApi.csproj", "{C05A3028-4E07-486F-801E-396A75DE8B8F}"
EndProject
Global
	GlobalSection(SolutionConfigurationPlatforms) = preSolution
		Debug|Any CPU = Debug|Any CPU
		Release|Any CPU = Release|Any CPU
	EndGlobalSection
	GlobalSection(ProjectConfigurationPlatforms) = postSolution
		{C05A3028-4E07-486F-801E-396A75DE8B8F}.Debug|Any CPU.ActiveCfg = Debug|Any CPU
		{C05A3028-4E07-486F-801E-396A75DE8B8F}.Debug|Any CPU.Build.0 = Debug|Any CPU
		{C05A3028-4E07-486F-801E-396A75DE8B8F}.Release|Any CPU.ActiveCfg = Release|Any CPU
		{C05A3028-4E07-486F-801E-396A75DE8B8F}.Release|Any CPU.Build.0 = Release|Any CPU
	EndGlobalSection
	GlobalSection(SolutionProperties) = preSolution
		HideSolutionNode = FALSE
	EndGlobalSection
	GlobalSection(ExtensibilityGlobals) = postSolution
		SolutionGuid = {52F9BD3E-E528-40FF-B20A-588960BB3AE1}
	EndGlobalSection
EndGlobal
